// !$*UTF8*$!
{
	archiveVersion = 1;
	classes = {
	};
	objectVersion = 46;
	objects = {

/* Begin PBXBuildFile section */
		77577B681C3F11B8004022B5 /* Main.storyboard in Resources */ = {isa = PBXBuildFile; fileRef = 77577B671C3F11B8004022B5 /* Main.storyboard */; };
		7775D9EF1C4463D60062BC3B /* mustache.png in Resources */ = {isa = PBXBuildFile; fileRef = 7775D9EE1C4463D50062BC3B /* mustache.png */; };
		7788AF7B1C1B48F9007A7861 /* AppDelegate.swift in Sources */ = {isa = PBXBuildFile; fileRef = 7788AF7A1C1B48F9007A7861 /* AppDelegate.swift */; };
		7788AF7D1C1B48F9007A7861 /* MasterViewController.swift in Sources */ = {isa = PBXBuildFile; fileRef = 7788AF7C1C1B48F9007A7861 /* MasterViewController.swift */; };
		7788AF7F1C1B48F9007A7861 /* DetailViewController.swift in Sources */ = {isa = PBXBuildFile; fileRef = 7788AF7E1C1B48F9007A7861 /* DetailViewController.swift */; };
		7788AF841C1B48F9007A7861 /* Assets.xcassets in Resources */ = {isa = PBXBuildFile; fileRef = 7788AF831C1B48F9007A7861 /* Assets.xcassets */; };
		7788AF871C1B48F9007A7861 /* LaunchScreen.storyboard in Resources */ = {isa = PBXBuildFile; fileRef = 7788AF851C1B48F9007A7861 /* LaunchScreen.storyboard */; };
		7788AF901C1B5476007A7861 /* AddressCard.swift in Sources */ = {isa = PBXBuildFile; fileRef = 7788AF8E1C1B5476007A7861 /* AddressCard.swift */; };
		7788AF911C1B5476007A7861 /* AddressBook.swift in Sources */ = {isa = PBXBuildFile; fileRef = 7788AF8F1C1B5476007A7861 /* AddressBook.swift */; };
/* End PBXBuildFile section */

/* Begin PBXFileReference section */
		77577B671C3F11B8004022B5 /* Main.storyboard */ = {isa = PBXFileReference; fileEncoding = 4; lastKnownFileType = file.storyboard; path = Main.storyboard; sourceTree = "<group>"; };
		7775D9EE1C4463D50062BC3B /* mustache.png */ = {isa = PBXFileReference; lastKnownFileType = image.png; path = mustache.png; sourceTree = "<group>"; };
		7788AF771C1B48F9007A7861 /* Ue5_6-Klemke-Fiebig.app */ = {isa = PBXFileReference; explicitFileType = wrapper.application; includeInIndex = 0; path = "Ue5_6-Klemke-Fiebig.app"; sourceTree = BUILT_PRODUCTS_DIR; };
		7788AF7A1C1B48F9007A7861 /* AppDelegate.swift */ = {isa = PBXFileReference; lastKnownFileType = sourcecode.swift; path = AppDelegate.swift; sourceTree = "<group>"; };
		7788AF7C1C1B48F9007A7861 /* MasterViewController.swift */ = {isa = PBXFileReference; lastKnownFileType = sourcecode.swift; path = MasterViewController.swift; sourceTree = "<group>"; };
		7788AF7E1C1B48F9007A7861 /* DetailViewController.swift */ = {isa = PBXFileReference; lastKnownFileType = sourcecode.swift; path = DetailViewController.swift; sourceTree = "<group>"; };
		7788AF831C1B48F9007A7861 /* Assets.xcassets */ = {isa = PBXFileReference; lastKnownFileType = folder.assetcatalog; path = Assets.xcassets; sourceTree = "<group>"; };
		7788AF861C1B48F9007A7861 /* Base */ = {isa = PBXFileReference; lastKnownFileType = file.storyboard; name = Base; path = Base.lproj/LaunchScreen.storyboard; sourceTree = "<group>"; };
		7788AF881C1B48F9007A7861 /* Info.plist */ = {isa = PBXFileReference; lastKnownFileType = text.plist.xml; path = Info.plist; sourceTree = "<group>"; };
		7788AF8E1C1B5476007A7861 /* AddressCard.swift */ = {isa = PBXFileReference; fileEncoding = 4; lastKnownFileType = sourcecode.swift; path = AddressCard.swift; sourceTree = "<group>"; };
		7788AF8F1C1B5476007A7861 /* AddressBook.swift */ = {isa = PBXFileReference; fileEncoding = 4; lastKnownFileType = sourcecode.swift; path = AddressBook.swift; sourceTree = "<group>"; };
/* End PBXFileReference section */

/* Begin PBXFrameworksBuildPhase section */
		7788AF741C1B48F9007A7861 /* Frameworks */ = {
			isa = PBXFrameworksBuildPhase;
			buildActionMask = 2147483647;
			files = (
			);
			runOnlyForDeploymentPostprocessing = 0;
		};
/* End PBXFrameworksBuildPhase section */

/* Begin PBXGroup section */
		7788AF6E1C1B48F8007A7861 = {
			isa = PBXGroup;
			children = (
				7788AF791C1B48F9007A7861 /* Ue5_6-Klemke-Fiebig */,
				7788AF781C1B48F9007A7861 /* Products */,
			);
			sourceTree = "<group>";
		};
		7788AF781C1B48F9007A7861 /* Products */ = {
			isa = PBXGroup;
			children = (
				7788AF771C1B48F9007A7861 /* Ue5_6-Klemke-Fiebig.app */,
			);
			name = Products;
			sourceTree = "<group>";
		};
		7788AF791C1B48F9007A7861 /* Ue5_6-Klemke-Fiebig */ = {
			isa = PBXGroup;
			children = (
				7788AF921C1B6FBD007A7861 /* images */,
				7788AF7A1C1B48F9007A7861 /* AppDelegate.swift */,
				7788AF7C1C1B48F9007A7861 /* MasterViewController.swift */,
				7788AF7E1C1B48F9007A7861 /* DetailViewController.swift */,
				7788AF8E1C1B5476007A7861 /* AddressCard.swift */,
				7788AF8F1C1B5476007A7861 /* AddressBook.swift */,
				7788AF831C1B48F9007A7861 /* Assets.xcassets */,
				7788AF851C1B48F9007A7861 /* LaunchScreen.storyboard */,
				77577B671C3F11B8004022B5 /* Main.storyboard */,
				7788AF881C1B48F9007A7861 /* Info.plist */,
			);
			path = "Ue5_6-Klemke-Fiebig";
			sourceTree = "<group>";
		};
		7788AF921C1B6FBD007A7861 /* images */ = {
			isa = PBXGroup;
			children = (
				7775D9EE1C4463D50062BC3B /* mustache.png */,
			);
			name = images;
			sourceTree = "<group>";
		};
/* End PBXGroup section */

/* Begin PBXNativeTarget section */
		7788AF761C1B48F9007A7861 /* Ue5_6-Klemke-Fiebig */ = {
			isa = PBXNativeTarget;
			buildConfigurationList = 7788AF8B1C1B48F9007A7861 /* Build configuration list for PBXNativeTarget "Ue5_6-Klemke-Fiebig" */;
			buildPhases = (
				7788AF731C1B48F9007A7861 /* Sources */,
				7788AF741C1B48F9007A7861 /* Frameworks */,
				7788AF751C1B48F9007A7861 /* Resources */,
			);
			buildRules = (
			);
			dependencies = (
			);
			name = "Ue5_6-Klemke-Fiebig";
			productName = "Ue5_6-Klemke-Fiebig";
			productReference = 7788AF771C1B48F9007A7861 /* Ue5_6-Klemke-Fiebig.app */;
			productType = "com.apple.product-type.application";
		};
/* End PBXNativeTarget section */

/* Begin PBXProject section */
		7788AF6F1C1B48F8007A7861 /* Project object */ = {
			isa = PBXProject;
			attributes = {
				LastSwiftUpdateCheck = 0720;
				LastUpgradeCheck = 0720;
				ORGANIZATIONNAME = "Felix Klemke";
				TargetAttributes = {
					7788AF761C1B48F9007A7861 = {
						CreatedOnToolsVersion = 7.2;
						DevelopmentTeam = U7EA97SZTN;
					};
				};
			};
			buildConfigurationList = 7788AF721C1B48F8007A7861 /* Build configuration list for PBXProject "Ue5_6-Klemke-Fiebig" */;
			compatibilityVersion = "Xcode 3.2";
			developmentRegion = English;
			hasScannedForEncodings = 0;
			knownRegions = (
				en,
				Base,
			);
			mainGroup = 7788AF6E1C1B48F8007A7861;
			productRefGroup = 7788AF781C1B48F9007A7861 /* Products */;
			projectDirPath = "";
			projectRoot = "";
			targets = (
				7788AF761C1B48F9007A7861 /* Ue5_6-Klemke-Fiebig */,
			);
		};
/* End PBXProject section */

/* Begin PBXResourcesBuildPhase section */
		7788AF751C1B48F9007A7861 /* Resources */ = {
			isa = PBXResourcesBuildPhase;
			buildActionMask = 2147483647;
			files = (
				77577B681C3F11B8004022B5 /* Main.storyboard in Resources */,
				7775D9EF1C4463D60062BC3B /* mustache.png in Resources */,
				7788AF871C1B48F9007A7861 /* LaunchScreen.storyboard in Resources */,
				7788AF841C1B48F9007A7861 /* Assets.xcassets in Resources */,
			);
			runOnlyForDeploymentPostprocessing = 0;
		};
/* End PBXResourcesBuildPhase section */

/* Begin PBXSourcesBuildPhase section */
		7788AF731C1B48F9007A7861 /* Sources */ = {
			isa = PBXSourcesBuildPhase;
			buildActionMask = 2147483647;
			files = (
				7788AF901C1B5476007A7861 /* AddressCard.swift in Sources */,
				7788AF7F1C1B48F9007A7861 /* DetailViewController.swift in Sources */,
				7788AF7D1C1B48F9007A7861 /* MasterViewController.swift in Sources */,
				7788AF911C1B5476007A7861 /* AddressBook.swift in Sources */,
				7788AF7B1C1B48F9007A7861 /* AppDelegate.swift in Sources */,
			);
			runOnlyForDeploymentPostprocessing = 0;
		};
/* End PBXSourcesBuildPhase section */

/* Begin PBXVariantGroup section */
		7788AF851C1B48F9007A7861 /* LaunchScreen.storyboard */ = {
			isa = PBXVariantGroup;
			children = (
				7788AF861C1B48F9007A7861 /* Base */,
			);
			name = LaunchScreen.storyboard;
			sourceTree = "<group>";
		};
/* End PBXVariantGroup section */

/* Begin XCBuildConfiguration section */
		7788AF891C1B48F9007A7861 /* Debug */ = {
			isa = XCBuildConfiguration;
			buildSettings = {
				ALWAYS_SEARCH_USER_PATHS = NO;
				CLANG_CXX_LANGUAGE_STANDARD = "gnu++0x";
				CLANG_CXX_LIBRARY = "libc++";
				CLANG_ENABLE_MODULES = YES;
				CLANG_ENABLE_OBJC_ARC = YES;
				CLANG_WARN_BOOL_CONVERSION = YES;
				CLANG_WARN_CONSTANT_CONVERSION = YES;
				CLANG_WARN_DIRECT_OBJC_ISA_USAGE = YES_ERROR;
				CLANG_WARN_EMPTY_BODY = YES;
				CLANG_WARN_ENUM_CONVERSION = YES;
				CLANG_WARN_INT_CONVERSION = YES;
				CLANG_WARN_OBJC_ROOT_CLASS = YES_ERROR;
				CLANG_WARN_UNREACHABLE_CODE = YES;
				CLANG_WARN__DUPLICATE_METHOD_MATCH = YES;
				"CODE_SIGN_IDENTITY[sdk=iphoneos*]" = "iPhone Developer";
				COPY_PHASE_STRIP = NO;
				DEBUG_INFORMATION_FORMAT = dwarf;
				ENABLE_STRICT_OBJC_MSGSEND = YES;
				ENABLE_TESTABILITY = YES;
				GCC_C_LANGUAGE_STANDARD = gnu99;
				GCC_DYNAMIC_NO_PIC = NO;
				GCC_NO_COMMON_BLOCKS = YES;
				GCC_OPTIMIZATION_LEVEL = 0;
				GCC_PREPROCESSOR_DEFINITIONS = (
					"DEBUG=1",
					"$(inherited)",
				);
				GCC_WARN_64_TO_32_BIT_CONVERSION = YES;
				GCC_WARN_ABOUT_RETURN_TYPE = YES_ERROR;
				GCC_WARN_UNDECLARED_SELECTOR = YES;
				GCC_WARN_UNINITIALIZED_AUTOS = YES_AGGRESSIVE;
				GCC_WARN_UNUSED_FUNCTION = YES;
				GCC_WARN_UNUSED_VARIABLE = YES;
				IPHONEOS_DEPLOYMENT_TARGET = 9.2;
				MTL_ENABLE_DEBUG_INFO = YES;
				ONLY_ACTIVE_ARCH = YES;
				SDKROOT = iphoneos;
				SWIFT_OPTIMIZATION_LEVEL = "-Onone";
				TARGETED_DEVICE_FAMILY = "1,2";
			};
			name = Debug;
		};
		7788AF8A1C1B48F9007A7861 /* Release */ = {
			isa = XCBuildConfiguration;
			buildSettings = {
				ALWAYS_SEARCH_USER_PATHS = NO;
				CLANG_CXX_LANGUAGE_STANDARD = "gnu++0x";
				CLANG_CXX_LIBRARY = "libc++";
				CLANG_ENABLE_MODULES = YES;
				CLANG_ENABLE_OBJC_ARC = YES;
				CLANG_WARN_BOOL_CONVERSION = YES;
				CLANG_WARN_CONSTANT_CONVERSION = YES;
				CLANG_WARN_DIRECT_OBJC_ISA_USAGE = YES_ERROR;
				CLANG_WARN_EMPTY_BODY = YES;
				CLANG_WARN_ENUM_CONVERSION = YES;
				CLANG_WARN_INT_CONVERSION = YES;
				CLANG_WARN_OBJC_ROOT_CLASS = YES_ERROR;
				CLANG_WARN_UNREACHABLE_CODE = YES;
				CLANG_WARN__DUPLICATE_METHOD_MATCH = YES;
				"CODE_SIGN_IDENTITY[sdk=iphoneos*]" = "iPhone Developer";
				COPY_PHASE_STRIP = NO;
				DEBUG_INFORMATION_FORMAT = "dwarf-with-dsym";
				ENABLE_NS_ASSERTIONS = NO;
				ENABLE_STRICT_OBJC_MSGSEND = YES;
				GCC_C_LANGUAGE_STANDARD = gnu99;
				GCC_NO_COMMON_BLOCKS = YES;
				GCC_WARN_64_TO_32_BIT_CONVERSION = YES;
				GCC_WARN_ABOUT_RETURN_TYPE = YES_ERROR;
				GCC_WARN_UNDECLARED_SELECTOR = YES;
				GCC_WARN_UNINITIALIZED_AUTOS = YES_AGGRESSIVE;
				GCC_WARN_UNUSED_FUNCTION = YES;
				GCC_WARN_UNUSED_VARIABLE = YES;
				IPHONEOS_DEPLOYMENT_TARGET = 9.2;
				MTL_ENABLE_DEBUG_INFO = NO;
				SDKROOT = iphoneos;
				TARGETED_DEVICE_FAMILY = "1,2";
				VALIDATE_PRODUCT = YES;
			};
			name = Release;
		};
		7788AF8C1C1B48F9007A7861 /* Debug */ = {
			isa = XCBuildConfiguration;
			buildSettings = {
				ASSETCATALOG_COMPILER_APPICON_NAME = AppIcon;
				INFOPLIST_FILE = "Ue5_6-Klemke-Fiebig/Info.plist";
				LD_RUNPATH_SEARCH_PATHS = "$(inherited) @executable_path/Frameworks";
				PRODUCT_BUNDLE_IDENTIFIER = "com.kimconnery.Ue5-6-Klemke-Fiebig";
				PRODUCT_NAME = "$(TARGET_NAME)";
			};
			name = Debug;
		};
		7788AF8D1C1B48F9007A7861 /* Release */ = {
			isa = XCBuildConfiguration;
			buildSettings = {
				ASSETCATALOG_COMPILER_APPICON_NAME = AppIcon;
				INFOPLIST_FILE = "Ue5_6-Klemke-Fiebig/Info.plist";
				LD_RUNPATH_SEARCH_PATHS = "$(inherited) @executable_path/Frameworks";
				PRODUCT_BUNDLE_IDENTIFIER = "com.kimconnery.Ue5-6-Klemke-Fiebig";
				PRODUCT_NAME = "$(TARGET_NAME)";
			};
			name = Release;
		};
/* End XCBuildConfiguration section */

/* Begin XCConfigurationList section */
		7788AF721C1B48F8007A7861 /* Build configuration list for PBXProject "Ue5_6-Klemke-Fiebig" */ = {
			isa = XCConfigurationList;
			buildConfigurations = (
				7788AF891C1B48F9007A7861 /* Debug */,
				7788AF8A1C1B48F9007A7861 /* Release */,
			);
			defaultConfigurationIsVisible = 0;
			defaultConfigurationName = Release;
		};
		7788AF8B1C1B48F9007A7861 /* Build configuration list for PBXNativeTarget "Ue5_6-Klemke-Fiebig" */ = {
			isa = XCConfigurationList;
			buildConfigurations = (
				7788AF8C1C1B48F9007A7861 /* Debug */,
				7788AF8D1C1B48F9007A7861 /* Release */,
			);
			defaultConfigurationIsVisible = 0;
			defaultConfigurationName = Release;
		};
/* End XCConfigurationList section */
	};
	rootObject = 7788AF6F1C1B48F8007A7861 /* Project object */;
}
